
Microsoft Visual Studio Solution File, Format Version 12.00
# Visual Studio Version 16
VisualStudioVersion = 16.0.29609.76
MinimumVisualStudioVersion = 10.0.40219.1
Project("{9A19103F-16F7-4668-BE54-9A1E7A4F7556}") = "Epam.Multithreading.Task1", "Epam.Multithreading_Task1\Epam.Multithreading.Task1.csproj", "{1FDF1468-E03E-422F-9BA2-8AC85EB6762D}"
EndProject
Project("{2150E333-8FDC-42A3-9474-1A3956D46DE8}") = "Multithreading", "Multithreading", "{2A5B2833-638D-4552-8A23-6EA3B6A2143C}"
EndProject
Project("{FAE04EC0-301F-11D3-BF4B-00C04F79EFBC}") = "Epam.Multithreading.Task2", "Epam.Multithreading.Task2\Epam.Multithreading.Task2.csproj", "{BC2D0C09-DFCC-4DC7-BDA3-2C66AF38DD5C}"
EndProject
Global
	GlobalSection(SolutionConfigurationPlatforms) = preSolution
		Debug|Any CPU = Debug|Any CPU
		Release|Any CPU = Release|Any CPU
	EndGlobalSection
	GlobalSection(ProjectConfigurationPlatforms) = postSolution
		{1FDF1468-E03E-422F-9BA2-8AC85EB6762D}.Debug|Any CPU.ActiveCfg = Debug|Any CPU
		{1FDF1468-E03E-422F-9BA2-8AC85EB6762D}.Debug|Any CPU.Build.0 = Debug|Any CPU
		{1FDF1468-E03E-422F-9BA2-8AC85EB6762D}.Release|Any CPU.ActiveCfg = Release|Any CPU
		{1FDF1468-E03E-422F-9BA2-8AC85EB6762D}.Release|Any CPU.Build.0 = Release|Any CPU
		{BC2D0C09-DFCC-4DC7-BDA3-2C66AF38DD5C}.Debug|Any CPU.ActiveCfg = Debug|Any CPU
		{BC2D0C09-DFCC-4DC7-BDA3-2C66AF38DD5C}.Debug|Any CPU.Build.0 = Debug|Any CPU
		{BC2D0C09-DFCC-4DC7-BDA3-2C66AF38DD5C}.Release|Any CPU.ActiveCfg = Release|Any CPU
		{BC2D0C09-DFCC-4DC7-BDA3-2C66AF38DD5C}.Release|Any CPU.Build.0 = Release|Any CPU
	EndGlobalSection
	GlobalSection(SolutionProperties) = preSolution
		HideSolutionNode = FALSE
	EndGlobalSection
	GlobalSection(NestedProjects) = preSolution
		{1FDF1468-E03E-422F-9BA2-8AC85EB6762D} = {2A5B2833-638D-4552-8A23-6EA3B6A2143C}
		{BC2D0C09-DFCC-4DC7-BDA3-2C66AF38DD5C} = {2A5B2833-638D-4552-8A23-6EA3B6A2143C}
	EndGlobalSection
	GlobalSection(ExtensibilityGlobals) = postSolution
		SolutionGuid = {7188AE4C-4DE7-445E-8198-01264493FA3A}
	EndGlobalSection
EndGlobal
